// !$*UTF8*$!
{
	archiveVersion = 1;
	classes = {
	};
	objectVersion = 46;
	objects = {

/* Begin PBXBuildFile section */
		10600DCC1D4960DA00AF6BC7 /* AppDelegate.swift in Sources */ = {isa = PBXBuildFile; fileRef = 10600DCB1D4960DA00AF6BC7 /* AppDelegate.swift */; };
		10600DCE1D4960DA00AF6BC7 /* MemeEditorViewController.swift in Sources */ = {isa = PBXBuildFile; fileRef = 10600DCD1D4960DA00AF6BC7 /* MemeEditorViewController.swift */; };
		10600DD11D4960DA00AF6BC7 /* Main.storyboard in Resources */ = {isa = PBXBuildFile; fileRef = 10600DCF1D4960DA00AF6BC7 /* Main.storyboard */; };
		10600DD31D4960DA00AF6BC7 /* Assets.xcassets in Resources */ = {isa = PBXBuildFile; fileRef = 10600DD21D4960DA00AF6BC7 /* Assets.xcassets */; };
		10600DD61D4960DA00AF6BC7 /* LaunchScreen.storyboard in Resources */ = {isa = PBXBuildFile; fileRef = 10600DD41D4960DA00AF6BC7 /* LaunchScreen.storyboard */; };
		10600DE11D4960DB00AF6BC7 /* ImagePickerExpTests.swift in Sources */ = {isa = PBXBuildFile; fileRef = 10600DE01D4960DB00AF6BC7 /* ImagePickerExpTests.swift */; };
		10600DEC1D4960DB00AF6BC7 /* ImagePickerExpUITests.swift in Sources */ = {isa = PBXBuildFile; fileRef = 10600DEB1D4960DB00AF6BC7 /* ImagePickerExpUITests.swift */; };
		10600DFA1D51500B00AF6BC7 /* TopTextFieldDelegate.swift in Sources */ = {isa = PBXBuildFile; fileRef = 10600DF91D51500B00AF6BC7 /* TopTextFieldDelegate.swift */; };
		10600DFC1D51504500AF6BC7 /* BottomTextFieldDelegate.swift in Sources */ = {isa = PBXBuildFile; fileRef = 10600DFB1D51504500AF6BC7 /* BottomTextFieldDelegate.swift */; };
		10F9E7FB1D66AA7A00654424 /* StructMeme.swift in Sources */ = {isa = PBXBuildFile; fileRef = 10F9E7FA1D66AA7A00654424 /* StructMeme.swift */; };
/* End PBXBuildFile section */

/* Begin PBXContainerItemProxy section */
		10600DDD1D4960DB00AF6BC7 /* PBXContainerItemProxy */ = {
			isa = PBXContainerItemProxy;
			containerPortal = 10600DC01D4960DA00AF6BC7 /* Project object */;
			proxyType = 1;
			remoteGlobalIDString = 10600DC71D4960DA00AF6BC7;
			remoteInfo = ImagePickerExp;
		};
		10600DE81D4960DB00AF6BC7 /* PBXContainerItemProxy */ = {
			isa = PBXContainerItemProxy;
			containerPortal = 10600DC01D4960DA00AF6BC7 /* Project object */;
			proxyType = 1;
			remoteGlobalIDString = 10600DC71D4960DA00AF6BC7;
			remoteInfo = ImagePickerExp;
		};
/* End PBXContainerItemProxy section */

/* Begin PBXFileReference section */
		10600DC81D4960DA00AF6BC7 /* ImagePickerExp.app */ = {isa = PBXFileReference; explicitFileType = wrapper.application; includeInIndex = 0; path = ImagePickerExp.app; sourceTree = BUILT_PRODUCTS_DIR; };
		10600DCB1D4960DA00AF6BC7 /* AppDelegate.swift */ = {isa = PBXFileReference; lastKnownFileType = sourcecode.swift; path = AppDelegate.swift; sourceTree = "<group>"; };
		10600DCD1D4960DA00AF6BC7 /* MemeEditorViewController.swift */ = {isa = PBXFileReference; lastKnownFileType = sourcecode.swift; path = MemeEditorViewController.swift; sourceTree = "<group>"; };
		10600DD01D4960DA00AF6BC7 /* Base */ = {isa = PBXFileReference; lastKnownFileType = file.storyboard; name = Base; path = Base.lproj/Main.storyboard; sourceTree = "<group>"; };
		10600DD21D4960DA00AF6BC7 /* Assets.xcassets */ = {isa = PBXFileReference; lastKnownFileType = folder.assetcatalog; path = Assets.xcassets; sourceTree = "<group>"; };
		10600DD51D4960DA00AF6BC7 /* Base */ = {isa = PBXFileReference; lastKnownFileType = file.storyboard; name = Base; path = Base.lproj/LaunchScreen.storyboard; sourceTree = "<group>"; };
		10600DD71D4960DA00AF6BC7 /* Info.plist */ = {isa = PBXFileReference; lastKnownFileType = text.plist.xml; path = Info.plist; sourceTree = "<group>"; };
		10600DDC1D4960DB00AF6BC7 /* ImagePickerExpTests.xctest */ = {isa = PBXFileReference; explicitFileType = wrapper.cfbundle; includeInIndex = 0; path = ImagePickerExpTests.xctest; sourceTree = BUILT_PRODUCTS_DIR; };
		10600DE01D4960DB00AF6BC7 /* ImagePickerExpTests.swift */ = {isa = PBXFileReference; lastKnownFileType = sourcecode.swift; path = ImagePickerExpTests.swift; sourceTree = "<group>"; };
		10600DE21D4960DB00AF6BC7 /* Info.plist */ = {isa = PBXFileReference; lastKnownFileType = text.plist.xml; path = Info.plist; sourceTree = "<group>"; };
		10600DE71D4960DB00AF6BC7 /* ImagePickerExpUITests.xctest */ = {isa = PBXFileReference; explicitFileType = wrapper.cfbundle; includeInIndex = 0; path = ImagePickerExpUITests.xctest; sourceTree = BUILT_PRODUCTS_DIR; };
		10600DEB1D4960DB00AF6BC7 /* ImagePickerExpUITests.swift */ = {isa = PBXFileReference; lastKnownFileType = sourcecode.swift; path = ImagePickerExpUITests.swift; sourceTree = "<group>"; };
		10600DED1D4960DB00AF6BC7 /* Info.plist */ = {isa = PBXFileReference; lastKnownFileType = text.plist.xml; path = Info.plist; sourceTree = "<group>"; };
		10600DF91D51500B00AF6BC7 /* TopTextFieldDelegate.swift */ = {isa = PBXFileReference; fileEncoding = 4; lastKnownFileType = sourcecode.swift; path = TopTextFieldDelegate.swift; sourceTree = "<group>"; };
		10600DFB1D51504500AF6BC7 /* BottomTextFieldDelegate.swift */ = {isa = PBXFileReference; fileEncoding = 4; lastKnownFileType = sourcecode.swift; path = BottomTextFieldDelegate.swift; sourceTree = "<group>"; };
		10F9E7FA1D66AA7A00654424 /* StructMeme.swift */ = {isa = PBXFileReference; fileEncoding = 4; lastKnownFileType = sourcecode.swift; path = StructMeme.swift; sourceTree = "<group>"; };
/* End PBXFileReference section */

/* Begin PBXFrameworksBuildPhase section */
		10600DC51D4960DA00AF6BC7 /* Frameworks */ = {
			isa = PBXFrameworksBuildPhase;
			buildActionMask = 2147483647;
			files = (
			);
			runOnlyForDeploymentPostprocessing = 0;
		};
		10600DD91D4960DB00AF6BC7 /* Frameworks */ = {
			isa = PBXFrameworksBuildPhase;
			buildActionMask = 2147483647;
			files = (
			);
			runOnlyForDeploymentPostprocessing = 0;
		};
		10600DE41D4960DB00AF6BC7 /* Frameworks */ = {
			isa = PBXFrameworksBuildPhase;
			buildActionMask = 2147483647;
			files = (
			);
			runOnlyForDeploymentPostprocessing = 0;
		};
/* End PBXFrameworksBuildPhase section */

/* Begin PBXGroup section */
		10600DBF1D4960DA00AF6BC7 = {
			isa = PBXGroup;
			children = (
				10600DCA1D4960DA00AF6BC7 /* ImagePickerExp */,
				10600DDF1D4960DB00AF6BC7 /* ImagePickerExpTests */,
				10600DEA1D4960DB00AF6BC7 /* ImagePickerExpUITests */,
				10600DC91D4960DA00AF6BC7 /* Products */,
			);
			sourceTree = "<group>";
		};
		10600DC91D4960DA00AF6BC7 /* Products */ = {
			isa = PBXGroup;
			children = (
				10600DC81D4960DA00AF6BC7 /* ImagePickerExp.app */,
				10600DDC1D4960DB00AF6BC7 /* ImagePickerExpTests.xctest */,
				10600DE71D4960DB00AF6BC7 /* ImagePickerExpUITests.xctest */,
			);
			name = Products;
			sourceTree = "<group>";
		};
		10600DCA1D4960DA00AF6BC7 /* ImagePickerExp */ = {
			isa = PBXGroup;
			children = (
				10600DCB1D4960DA00AF6BC7 /* AppDelegate.swift */,
				10600DCD1D4960DA00AF6BC7 /* MemeEditorViewController.swift */,
				10F9E7FA1D66AA7A00654424 /* StructMeme.swift */,
				10600DF91D51500B00AF6BC7 /* TopTextFieldDelegate.swift */,
				10600DFB1D51504500AF6BC7 /* BottomTextFieldDelegate.swift */,
				10600DCF1D4960DA00AF6BC7 /* Main.storyboard */,
				10600DD21D4960DA00AF6BC7 /* Assets.xcassets */,
				10600DD41D4960DA00AF6BC7 /* LaunchScreen.storyboard */,
				10600DD71D4960DA00AF6BC7 /* Info.plist */,
			);
			path = ImagePickerExp;
			sourceTree = "<group>";
		};
		10600DDF1D4960DB00AF6BC7 /* ImagePickerExpTests */ = {
			isa = PBXGroup;
			children = (
				10600DE01D4960DB00AF6BC7 /* ImagePickerExpTests.swift */,
				10600DE21D4960DB00AF6BC7 /* Info.plist */,
			);
			path = ImagePickerExpTests;
			sourceTree = "<group>";
		};
		10600DEA1D4960DB00AF6BC7 /* ImagePickerExpUITests */ = {
			isa = PBXGroup;
			children = (
				10600DEB1D4960DB00AF6BC7 /* ImagePickerExpUITests.swift */,
				10600DED1D4960DB00AF6BC7 /* Info.plist */,
			);
			path = ImagePickerExpUITests;
			sourceTree = "<group>";
		};
/* End PBXGroup section */

/* Begin PBXNativeTarget section */
		10600DC71D4960DA00AF6BC7 /* ImagePickerExp */ = {
			isa = PBXNativeTarget;
			buildConfigurationList = 10600DF01D4960DB00AF6BC7 /* Build configuration list for PBXNativeTarget "ImagePickerExp" */;
			buildPhases = (
				10600DC41D4960DA00AF6BC7 /* Sources */,
				10600DC51D4960DA00AF6BC7 /* Frameworks */,
				10600DC61D4960DA00AF6BC7 /* Resources */,
			);
			buildRules = (
			);
			dependencies = (
			);
			name = ImagePickerExp;
			productName = ImagePickerExp;
			productReference = 10600DC81D4960DA00AF6BC7 /* ImagePickerExp.app */;
			productType = "com.apple.product-type.application";
		};
		10600DDB1D4960DB00AF6BC7 /* ImagePickerExpTests */ = {
			isa = PBXNativeTarget;
			buildConfigurationList = 10600DF31D4960DB00AF6BC7 /* Build configuration list for PBXNativeTarget "ImagePickerExpTests" */;
			buildPhases = (
				10600DD81D4960DB00AF6BC7 /* Sources */,
				10600DD91D4960DB00AF6BC7 /* Frameworks */,
				10600DDA1D4960DB00AF6BC7 /* Resources */,
			);
			buildRules = (
			);
			dependencies = (
				10600DDE1D4960DB00AF6BC7 /* PBXTargetDependency */,
			);
			name = ImagePickerExpTests;
			productName = ImagePickerExpTests;
			productReference = 10600DDC1D4960DB00AF6BC7 /* ImagePickerExpTests.xctest */;
			productType = "com.apple.product-type.bundle.unit-test";
		};
		10600DE61D4960DB00AF6BC7 /* ImagePickerExpUITests */ = {
			isa = PBXNativeTarget;
			buildConfigurationList = 10600DF61D4960DB00AF6BC7 /* Build configuration list for PBXNativeTarget "ImagePickerExpUITests" */;
			buildPhases = (
				10600DE31D4960DB00AF6BC7 /* Sources */,
				10600DE41D4960DB00AF6BC7 /* Frameworks */,
				10600DE51D4960DB00AF6BC7 /* Resources */,
			);
			buildRules = (
			);
			dependencies = (
				10600DE91D4960DB00AF6BC7 /* PBXTargetDependency */,
			);
			name = ImagePickerExpUITests;
			productName = ImagePickerExpUITests;
			productReference = 10600DE71D4960DB00AF6BC7 /* ImagePickerExpUITests.xctest */;
			productType = "com.apple.product-type.bundle.ui-testing";
		};
/* End PBXNativeTarget section */

/* Begin PBXProject section */
		10600DC01D4960DA00AF6BC7 /* Project object */ = {
			isa = PBXProject;
			attributes = {
				LastSwiftUpdateCheck = 0730;
				LastUpgradeCheck = 0730;
				ORGANIZATIONNAME = "Grigory Rudko";
				TargetAttributes = {
					10600DC71D4960DA00AF6BC7 = {
						CreatedOnToolsVersion = 7.3.1;
						DevelopmentTeam = ZG2U9XQC3Z;
					};
					10600DDB1D4960DB00AF6BC7 = {
						CreatedOnToolsVersion = 7.3.1;
						TestTargetID = 10600DC71D4960DA00AF6BC7;
					};
					10600DE61D4960DB00AF6BC7 = {
						CreatedOnToolsVersion = 7.3.1;
						TestTargetID = 10600DC71D4960DA00AF6BC7;
					};
				};
			};
			buildConfigurationList = 10600DC31D4960DA00AF6BC7 /* Build configuration list for PBXProject "ImagePickerExp" */;
			compatibilityVersion = "Xcode 3.2";
			developmentRegion = English;
			hasScannedForEncodings = 0;
			knownRegions = (
				en,
				Base,
			);
			mainGroup = 10600DBF1D4960DA00AF6BC7;
			productRefGroup = 10600DC91D4960DA00AF6BC7 /* Products */;
			projectDirPath = "";
			projectRoot = "";
			targets = (
				10600DC71D4960DA00AF6BC7 /* ImagePickerExp */,
				10600DDB1D4960DB00AF6BC7 /* ImagePickerExpTests */,
				10600DE61D4960DB00AF6BC7 /* ImagePickerExpUITests */,
			);
		};
/* End PBXProject section */

/* Begin PBXResourcesBuildPhase section */
		10600DC61D4960DA00AF6BC7 /* Resources */ = {
			isa = PBXResourcesBuildPhase;
			buildActionMask = 2147483647;
			files = (
				10600DD61D4960DA00AF6BC7 /* LaunchScreen.storyboard in Resources */,
				10600DD31D4960DA00AF6BC7 /* Assets.xcassets in Resources */,
				10600DD11D4960DA00AF6BC7 /* Main.storyboard in Resources */,
			);
			runOnlyForDeploymentPostprocessing = 0;
		};
		10600DDA1D4960DB00AF6BC7 /* Resources */ = {
			isa = PBXResourcesBuildPhase;
			buildActionMask = 2147483647;
			files = (
			);
			runOnlyForDeploymentPostprocessing = 0;
		};
		10600DE51D4960DB00AF6BC7 /* Resources */ = {
			isa = PBXResourcesBuildPhase;
			buildActionMask = 2147483647;
			files = (
			);
			runOnlyForDeploymentPostprocessing = 0;
		};
/* End PBXResourcesBuildPhase section */

/* Begin PBXSourcesBuildPhase section */
		10600DC41D4960DA00AF6BC7 /* Sources */ = {
			isa = PBXSourcesBuildPhase;
			buildActionMask = 2147483647;
			files = (
				10600DFA1D51500B00AF6BC7 /* TopTextFieldDelegate.swift in Sources */,
				10600DFC1D51504500AF6BC7 /* BottomTextFieldDelegate.swift in Sources */,
				10600DCE1D4960DA00AF6BC7 /* MemeEditorViewController.swift in Sources */,
				10F9E7FB1D66AA7A00654424 /* StructMeme.swift in Sources */,
				10600DCC1D4960DA00AF6BC7 /* AppDelegate.swift in Sources */,
			);
			runOnlyForDeploymentPostprocessing = 0;
		};
		10600DD81D4960DB00AF6BC7 /* Sources */ = {
			isa = PBXSourcesBuildPhase;
			buildActionMask = 2147483647;
			files = (
				10600DE11D4960DB00AF6BC7 /* ImagePickerExpTests.swift in Sources */,
			);
			runOnlyForDeploymentPostprocessing = 0;
		};
		10600DE31D4960DB00AF6BC7 /* Sources */ = {
			isa = PBXSourcesBuildPhase;
			buildActionMask = 2147483647;
			files = (
				10600DEC1D4960DB00AF6BC7 /* ImagePickerExpUITests.swift in Sources */,
			);
			runOnlyForDeploymentPostprocessing = 0;
		};
/* End PBXSourcesBuildPhase section */

/* Begin PBXTargetDependency section */
		10600DDE1D4960DB00AF6BC7 /* PBXTargetDependency */ = {
			isa = PBXTargetDependency;
			target = 10600DC71D4960DA00AF6BC7 /* ImagePickerExp */;
			targetProxy = 10600DDD1D4960DB00AF6BC7 /* PBXContainerItemProxy */;
		};
		10600DE91D4960DB00AF6BC7 /* PBXTargetDependency */ = {
			isa = PBXTargetDependency;
			target = 10600DC71D4960DA00AF6BC7 /* ImagePickerExp */;
			targetProxy = 10600DE81D4960DB00AF6BC7 /* PBXContainerItemProxy */;
		};
/* End PBXTargetDependency section */

/* Begin PBXVariantGroup section */
		10600DCF1D4960DA00AF6BC7 /* Main.storyboard */ = {
			isa = PBXVariantGroup;
			children = (
				10600DD01D4960DA00AF6BC7 /* Base */,
			);
			name = Main.storyboard;
			sourceTree = "<group>";
		};
		10600DD41D4960DA00AF6BC7 /* LaunchScreen.storyboard */ = {
			isa = PBXVariantGroup;
			children = (
				10600DD51D4960DA00AF6BC7 /* Base */,
			);
			name = LaunchScreen.storyboard;
			sourceTree = "<group>";
		};
/* End PBXVariantGroup section */

/* Begin XCBuildConfiguration section */
		10600DEE1D4960DB00AF6BC7 /* Debug */ = {
			isa = XCBuildConfiguration;
			buildSettings = {
				ALWAYS_SEARCH_USER_PATHS = NO;
				CLANG_ANALYZER_NONNULL = YES;
				CLANG_CXX_LANGUAGE_STANDARD = "gnu++0x";
				CLANG_CXX_LIBRARY = "libc++";
				CLANG_ENABLE_MODULES = YES;
				CLANG_ENABLE_OBJC_ARC = YES;
				CLANG_WARN_BOOL_CONVERSION = YES;
				CLANG_WARN_CONSTANT_CONVERSION = YES;
				CLANG_WARN_DIRECT_OBJC_ISA_USAGE = YES_ERROR;
				CLANG_WARN_EMPTY_BODY = YES;
				CLANG_WARN_ENUM_CONVERSION = YES;
				CLANG_WARN_INT_CONVERSION = YES;
				CLANG_WARN_OBJC_ROOT_CLASS = YES_ERROR;
				CLANG_WARN_UNREACHABLE_CODE = YES;
				CLANG_WARN__DUPLICATE_METHOD_MATCH = YES;
				"CODE_SIGN_IDENTITY[sdk=iphoneos*]" = "iPhone Developer";
				COPY_PHASE_STRIP = NO;
				DEBUG_INFORMATION_FORMAT = dwarf;
				ENABLE_STRICT_OBJC_MSGSEND = YES;
				ENABLE_TESTABILITY = YES;
				GCC_C_LANGUAGE_STANDARD = gnu99;
				GCC_DYNAMIC_NO_PIC = NO;
				GCC_NO_COMMON_BLOCKS = YES;
				GCC_OPTIMIZATION_LEVEL = 0;
				GCC_PREPROCESSOR_DEFINITIONS = (
					"DEBUG=1",
					"$(inherited)",
				);
				GCC_WARN_64_TO_32_BIT_CONVERSION = YES;
				GCC_WARN_ABOUT_RETURN_TYPE = YES_ERROR;
				GCC_WARN_UNDECLARED_SELECTOR = YES;
				GCC_WARN_UNINITIALIZED_AUTOS = YES_AGGRESSIVE;
				GCC_WARN_UNUSED_FUNCTION = YES;
				GCC_WARN_UNUSED_VARIABLE = YES;
				IPHONEOS_DEPLOYMENT_TARGET = 9.3;
				MTL_ENABLE_DEBUG_INFO = YES;
				ONLY_ACTIVE_ARCH = YES;
				SDKROOT = iphoneos;
				SWIFT_OPTIMIZATION_LEVEL = "-Onone";
			};
			name = Debug;
		};
		10600DEF1D4960DB00AF6BC7 /* Release */ = {
			isa = XCBuildConfiguration;
			buildSettings = {
				ALWAYS_SEARCH_USER_PATHS = NO;
				CLANG_ANALYZER_NONNULL = YES;
				CLANG_CXX_LANGUAGE_STANDARD = "gnu++0x";
				CLANG_CXX_LIBRARY = "libc++";
				CLANG_ENABLE_MODULES = YES;
				CLANG_ENABLE_OBJC_ARC = YES;
				CLANG_WARN_BOOL_CONVERSION = YES;
				CLANG_WARN_CONSTANT_CONVERSION = YES;
				CLANG_WARN_DIRECT_OBJC_ISA_USAGE = YES_ERROR;
				CLANG_WARN_EMPTY_BODY = YES;
				CLANG_WARN_ENUM_CONVERSION = YES;
				CLANG_WARN_INT_CONVERSION = YES;
				CLANG_WARN_OBJC_ROOT_CLASS = YES_ERROR;
				CLANG_WARN_UNREACHABLE_CODE = YES;
				CLANG_WARN__DUPLICATE_METHOD_MATCH = YES;
				"CODE_SIGN_IDENTITY[sdk=iphoneos*]" = "iPhone Developer";
				COPY_PHASE_STRIP = NO;
				DEBUG_INFORMATION_FORMAT = "dwarf-with-dsym";
				ENABLE_NS_ASSERTIONS = NO;
				ENABLE_STRICT_OBJC_MSGSEND = YES;
				GCC_C_LANGUAGE_STANDARD = gnu99;
				GCC_NO_COMMON_BLOCKS = YES;
				GCC_WARN_64_TO_32_BIT_CONVERSION = YES;
				GCC_WARN_ABOUT_RETURN_TYPE = YES_ERROR;
				GCC_WARN_UNDECLARED_SELECTOR = YES;
				GCC_WARN_UNINITIALIZED_AUTOS = YES_AGGRESSIVE;
				GCC_WARN_UNUSED_FUNCTION = YES;
				GCC_WARN_UNUSED_VARIABLE = YES;
				IPHONEOS_DEPLOYMENT_TARGET = 9.3;
				MTL_ENABLE_DEBUG_INFO = NO;
				SDKROOT = iphoneos;
				VALIDATE_PRODUCT = YES;
			};
			name = Release;
		};
		10600DF11D4960DB00AF6BC7 /* Debug */ = {
			isa = XCBuildConfiguration;
			buildSettings = {
				ASSETCATALOG_COMPILER_APPICON_NAME = AppIcon;
				CODE_SIGN_IDENTITY = "iPhone Developer";
				"CODE_SIGN_IDENTITY[sdk=iphoneos*]" = "iPhone Developer";
				INFOPLIST_FILE = ImagePickerExp/Info.plist;
				LD_RUNPATH_SEARCH_PATHS = "$(inherited) @executable_path/Frameworks";
				PRODUCT_BUNDLE_IDENTIFIER = com.grigoryrudko.ImagePickerExp;
				PRODUCT_NAME = "$(TARGET_NAME)";
				PROVISIONING_PROFILE = "";
			};
			name = Debug;
		};
		10600DF21D4960DB00AF6BC7 /* Release */ = {
			isa = XCBuildConfiguration;
			buildSettings = {
				ASSETCATALOG_COMPILER_APPICON_NAME = AppIcon;
				CODE_SIGN_IDENTITY = "iPhone Developer";
				"CODE_SIGN_IDENTITY[sdk=iphoneos*]" = "iPhone Developer";
				INFOPLIST_FILE = ImagePickerExp/Info.plist;
				LD_RUNPATH_SEARCH_PATHS = "$(inherited) @executable_path/Frameworks";
				PRODUCT_BUNDLE_IDENTIFIER = com.grigoryrudko.ImagePickerExp;
				PRODUCT_NAME = "$(TARGET_NAME)";
				PROVISIONING_PROFILE = "";
			};
			name = Release;
		};
		10600DF41D4960DB00AF6BC7 /* Debug */ = {
			isa = XCBuildConfiguration;
			buildSettings = {
				BUNDLE_LOADER = "$(TEST_HOST)";
				INFOPLIST_FILE = ImagePickerExpTests/Info.plist;
				LD_RUNPATH_SEARCH_PATHS = "$(inherited) @executable_path/Frameworks @loader_path/Frameworks";
				PRODUCT_BUNDLE_IDENTIFIER = com.grigoryrudko.ImagePickerExpTests;
				PRODUCT_NAME = "$(TARGET_NAME)";
				TEST_HOST = "$(BUILT_PRODUCTS_DIR)/ImagePickerExp.app/ImagePickerExp";
			};
			name = Debug;
		};
		10600DF51D4960DB00AF6BC7 /* Release */ = {
			isa = XCBuildConfiguration;
			buildSettings = {
				BUNDLE_LOADER = "$(TEST_HOST)";
				INFOPLIST_FILE = ImagePickerExpTests/Info.plist;
				LD_RUNPATH_SEARCH_PATHS = "$(inherited) @executable_path/Frameworks @loader_path/Frameworks";
				PRODUCT_BUNDLE_IDENTIFIER = com.grigoryrudko.ImagePickerExpTests;
				PRODUCT_NAME = "$(TARGET_NAME)";
				TEST_HOST = "$(BUILT_PRODUCTS_DIR)/ImagePickerExp.app/ImagePickerExp";
			};
			name = Release;
		};
		10600DF71D4960DB00AF6BC7 /* Debug */ = {
			isa = XCBuildConfiguration;
			buildSettings = {
				INFOPLIST_FILE = ImagePickerExpUITests/Info.plist;
				LD_RUNPATH_SEARCH_PATHS = "$(inherited) @executable_path/Frameworks @loader_path/Frameworks";
				PRODUCT_BUNDLE_IDENTIFIER = com.grigoryrudko.ImagePickerExpUITests;
				PRODUCT_NAME = "$(TARGET_NAME)";
				TEST_TARGET_NAME = ImagePickerExp;
			};
			name = Debug;
		};
		10600DF81D4960DB00AF6BC7 /* Release */ = {
			isa = XCBuildConfiguration;
			buildSettings = {
				INFOPLIST_FILE = ImagePickerExpUITests/Info.plist;
				LD_RUNPATH_SEARCH_PATHS = "$(inherited) @executable_path/Frameworks @loader_path/Frameworks";
				PRODUCT_BUNDLE_IDENTIFIER = com.grigoryrudko.ImagePickerExpUITests;
				PRODUCT_NAME = "$(TARGET_NAME)";
				TEST_TARGET_NAME = ImagePickerExp;
			};
			name = Release;
		};
/* End XCBuildConfiguration section */

/* Begin XCConfigurationList section */
		10600DC31D4960DA00AF6BC7 /* Build configuration list for PBXProject "ImagePickerExp" */ = {
			isa = XCConfigurationList;
			buildConfigurations = (
				10600DEE1D4960DB00AF6BC7 /* Debug */,
				10600DEF1D4960DB00AF6BC7 /* Release */,
			);
			defaultConfigurationIsVisible = 0;
			defaultConfigurationName = Release;
		};
		10600DF01D4960DB00AF6BC7 /* Build configuration list for PBXNativeTarget "ImagePickerExp" */ = {
			isa = XCConfigurationList;
			buildConfigurations = (
				10600DF11D4960DB00AF6BC7 /* Debug */,
				10600DF21D4960DB00AF6BC7 /* Release */,
			);
			defaultConfigurationIsVisible = 0;
			defaultConfigurationName = Release;
		};
		10600DF31D4960DB00AF6BC7 /* Build configuration list for PBXNativeTarget "ImagePickerExpTests" */ = {
			isa = XCConfigurationList;
			buildConfigurations = (
				10600DF41D4960DB00AF6BC7 /* Debug */,
				10600DF51D4960DB00AF6BC7 /* Release */,
			);
			defaultConfigurationIsVisible = 0;
			defaultConfigurationName = Release;
		};
		10600DF61D4960DB00AF6BC7 /* Build configuration list for PBXNativeTarget "ImagePickerExpUITests" */ = {
			isa = XCConfigurationList;
			buildConfigurations = (
				10600DF71D4960DB00AF6BC7 /* Debug */,
				10600DF81D4960DB00AF6BC7 /* Release */,
			);
			defaultConfigurationIsVisible = 0;
			defaultConfigurationName = Release;
		};
/* End XCConfigurationList section */
	};
	rootObject = 10600DC01D4960DA00AF6BC7 /* Project object */;
}
